{"1.2.0",
[{<<"bbmustache">>,{pkg,<<"bbmustache">>,<<"1.12.2">>},0},
 {<<"thoas">>,{pkg,<<"thoas">>,<<"1.2.0">>},0}]}.
[
{pkg_hash,[
 {<<"bbmustache">>, <<"0CABDCE0DB9FE6D3318131174B9F2B351328A4C0AFBEB3E6E99BB0E02E9B621D">>},
 {<<"thoas">>, <<"73B0546BAFF5008E6ED209558FD7B0606B035D96F9F3DE24EF42879100E094D4">>}]},
{pkg_hash_ext,[
 {<<"bbmustache">>, <<"688B33A4D5CC2D51F575ADF0B3683FC40A38314A2F150906EDCFC77F5B577B3B">>},
 {<<"thoas">>, <<"540C8CB7D9257F2AD0A14145DC23560F91ACDCA995F0CCBA779EB33AF5D859D1">>}]}
].
