{"1.2.0",
[{<<"bbmustache">>,{pkg,<<"bbmustache">>,<<"1.12.2">>},0},
 {<<"thoas">>,{pkg,<<"thoas">>,<<"1.0.0">>},0}]}.
[
{pkg_hash,[
 {<<"bbmustache">>, <<"0CABDCE0DB9FE6D3318131174B9F2B351328A4C0AFBEB3E6E99BB0E02E9B621D">>},
 {<<"thoas">>, <<"567C03902920827A18A89F05B79A37B5BF93553154B883E0131801600CF02CE0">>}]},
{pkg_hash_ext,[
 {<<"bbmustache">>, <<"688B33A4D5CC2D51F575ADF0B3683FC40A38314A2F150906EDCFC77F5B577B3B">>},
 {<<"thoas">>, <<"FC763185B932ECB32A554FB735EE03C3B6B1B31366077A2427D2A97F3BD26735">>}]}
].
